// !$*UTF8*$!
{
	archiveVersion = 1;
	classes = {
	};
	objectVersion = 46;
	objects = {

/* Begin PBXBuildFile section */
		F74F2C5D1F0CD7740002495F /* AppDelegate.swift in Sources */ = {isa = PBXBuildFile; fileRef = F74F2C5C1F0CD7740002495F /* AppDelegate.swift */; };
		F74F2C621F0CD7740002495F /* Main.storyboard in Resources */ = {isa = PBXBuildFile; fileRef = F74F2C601F0CD7740002495F /* Main.storyboard */; };
		F74F2C641F0CD7740002495F /* Assets.xcassets in Resources */ = {isa = PBXBuildFile; fileRef = F74F2C631F0CD7740002495F /* Assets.xcassets */; };
		F74F2C671F0CD7740002495F /* LaunchScreen.storyboard in Resources */ = {isa = PBXBuildFile; fileRef = F74F2C651F0CD7740002495F /* LaunchScreen.storyboard */; };
		F74F2C721F0CD7740002495F /* Cau3Tests.swift in Sources */ = {isa = PBXBuildFile; fileRef = F74F2C711F0CD7740002495F /* Cau3Tests.swift */; };
		F74F2C7D1F0CD7740002495F /* Cau3UITests.swift in Sources */ = {isa = PBXBuildFile; fileRef = F74F2C7C1F0CD7740002495F /* Cau3UITests.swift */; };
		F74F2C8B1F0CD9460002495F /* TaskTableViewController.swift in Sources */ = {isa = PBXBuildFile; fileRef = F74F2C8A1F0CD9460002495F /* TaskTableViewController.swift */; };
		F74F2C8D1F0CD9670002495F /* TaskTableViewCell.swift in Sources */ = {isa = PBXBuildFile; fileRef = F74F2C8C1F0CD9670002495F /* TaskTableViewCell.swift */; };
		F74F2C921F0CDB760002495F /* TODO.swift in Sources */ = {isa = PBXBuildFile; fileRef = F74F2C911F0CDB760002495F /* TODO.swift */; };
/* End PBXBuildFile section */

/* Begin PBXContainerItemProxy section */
		F74F2C6E1F0CD7740002495F /* PBXContainerItemProxy */ = {
			isa = PBXContainerItemProxy;
			containerPortal = F74F2C511F0CD7740002495F /* Project object */;
			proxyType = 1;
			remoteGlobalIDString = F74F2C581F0CD7740002495F;
			remoteInfo = Cau3;
		};
		F74F2C791F0CD7740002495F /* PBXContainerItemProxy */ = {
			isa = PBXContainerItemProxy;
			containerPortal = F74F2C511F0CD7740002495F /* Project object */;
			proxyType = 1;
			remoteGlobalIDString = F74F2C581F0CD7740002495F;
			remoteInfo = Cau3;
		};
/* End PBXContainerItemProxy section */

/* Begin PBXFileReference section */
		F74F2C591F0CD7740002495F /* Cau3.app */ = {isa = PBXFileReference; explicitFileType = wrapper.application; includeInIndex = 0; path = Cau3.app; sourceTree = BUILT_PRODUCTS_DIR; };
		F74F2C5C1F0CD7740002495F /* AppDelegate.swift */ = {isa = PBXFileReference; lastKnownFileType = sourcecode.swift; path = AppDelegate.swift; sourceTree = "<group>"; };
		F74F2C611F0CD7740002495F /* Base */ = {isa = PBXFileReference; lastKnownFileType = file.storyboard; name = Base; path = Base.lproj/Main.storyboard; sourceTree = "<group>"; };
		F74F2C631F0CD7740002495F /* Assets.xcassets */ = {isa = PBXFileReference; lastKnownFileType = folder.assetcatalog; path = Assets.xcassets; sourceTree = "<group>"; };
		F74F2C661F0CD7740002495F /* Base */ = {isa = PBXFileReference; lastKnownFileType = file.storyboard; name = Base; path = Base.lproj/LaunchScreen.storyboard; sourceTree = "<group>"; };
		F74F2C681F0CD7740002495F /* Info.plist */ = {isa = PBXFileReference; lastKnownFileType = text.plist.xml; path = Info.plist; sourceTree = "<group>"; };
		F74F2C6D1F0CD7740002495F /* Cau3Tests.xctest */ = {isa = PBXFileReference; explicitFileType = wrapper.cfbundle; includeInIndex = 0; path = Cau3Tests.xctest; sourceTree = BUILT_PRODUCTS_DIR; };
		F74F2C711F0CD7740002495F /* Cau3Tests.swift */ = {isa = PBXFileReference; lastKnownFileType = sourcecode.swift; path = Cau3Tests.swift; sourceTree = "<group>"; };
		F74F2C731F0CD7740002495F /* Info.plist */ = {isa = PBXFileReference; lastKnownFileType = text.plist.xml; path = Info.plist; sourceTree = "<group>"; };
		F74F2C781F0CD7740002495F /* Cau3UITests.xctest */ = {isa = PBXFileReference; explicitFileType = wrapper.cfbundle; includeInIndex = 0; path = Cau3UITests.xctest; sourceTree = BUILT_PRODUCTS_DIR; };
		F74F2C7C1F0CD7740002495F /* Cau3UITests.swift */ = {isa = PBXFileReference; lastKnownFileType = sourcecode.swift; path = Cau3UITests.swift; sourceTree = "<group>"; };
		F74F2C7E1F0CD7740002495F /* Info.plist */ = {isa = PBXFileReference; lastKnownFileType = text.plist.xml; path = Info.plist; sourceTree = "<group>"; };
		F74F2C8A1F0CD9460002495F /* TaskTableViewController.swift */ = {isa = PBXFileReference; fileEncoding = 4; lastKnownFileType = sourcecode.swift; path = TaskTableViewController.swift; sourceTree = "<group>"; };
		F74F2C8C1F0CD9670002495F /* TaskTableViewCell.swift */ = {isa = PBXFileReference; fileEncoding = 4; lastKnownFileType = sourcecode.swift; path = TaskTableViewCell.swift; sourceTree = "<group>"; };
		F74F2C911F0CDB760002495F /* TODO.swift */ = {isa = PBXFileReference; fileEncoding = 4; lastKnownFileType = sourcecode.swift; path = TODO.swift; sourceTree = "<group>"; };
/* End PBXFileReference section */

/* Begin PBXFrameworksBuildPhase section */
		F74F2C561F0CD7740002495F /* Frameworks */ = {
			isa = PBXFrameworksBuildPhase;
			buildActionMask = 2147483647;
			files = (
			);
			runOnlyForDeploymentPostprocessing = 0;
		};
		F74F2C6A1F0CD7740002495F /* Frameworks */ = {
			isa = PBXFrameworksBuildPhase;
			buildActionMask = 2147483647;
			files = (
			);
			runOnlyForDeploymentPostprocessing = 0;
		};
		F74F2C751F0CD7740002495F /* Frameworks */ = {
			isa = PBXFrameworksBuildPhase;
			buildActionMask = 2147483647;
			files = (
			);
			runOnlyForDeploymentPostprocessing = 0;
		};
/* End PBXFrameworksBuildPhase section */

/* Begin PBXGroup section */
		F74F2C501F0CD7740002495F = {
			isa = PBXGroup;
			children = (
				F74F2C5B1F0CD7740002495F /* Cau3 */,
				F74F2C701F0CD7740002495F /* Cau3Tests */,
				F74F2C7B1F0CD7740002495F /* Cau3UITests */,
				F74F2C5A1F0CD7740002495F /* Products */,
			);
			sourceTree = "<group>";
		};
		F74F2C5A1F0CD7740002495F /* Products */ = {
			isa = PBXGroup;
			children = (
				F74F2C591F0CD7740002495F /* Cau3.app */,
				F74F2C6D1F0CD7740002495F /* Cau3Tests.xctest */,
				F74F2C781F0CD7740002495F /* Cau3UITests.xctest */,
			);
			name = Products;
			sourceTree = "<group>";
		};
		F74F2C5B1F0CD7740002495F /* Cau3 */ = {
			isa = PBXGroup;
			children = (
				F74F2C901F0CDB450002495F /* Model */,
				F74F2C8F1F0CD9740002495F /* Controller */,
				F74F2C8E1F0CD96D0002495F /* View */,
				F74F2C5C1F0CD7740002495F /* AppDelegate.swift */,
				F74F2C601F0CD7740002495F /* Main.storyboard */,
				F74F2C631F0CD7740002495F /* Assets.xcassets */,
				F74F2C651F0CD7740002495F /* LaunchScreen.storyboard */,
				F74F2C681F0CD7740002495F /* Info.plist */,
			);
			path = Cau3;
			sourceTree = "<group>";
		};
		F74F2C701F0CD7740002495F /* Cau3Tests */ = {
			isa = PBXGroup;
			children = (
				F74F2C711F0CD7740002495F /* Cau3Tests.swift */,
				F74F2C731F0CD7740002495F /* Info.plist */,
			);
			path = Cau3Tests;
			sourceTree = "<group>";
		};
		F74F2C7B1F0CD7740002495F /* Cau3UITests */ = {
			isa = PBXGroup;
			children = (
				F74F2C7C1F0CD7740002495F /* Cau3UITests.swift */,
				F74F2C7E1F0CD7740002495F /* Info.plist */,
			);
			path = Cau3UITests;
			sourceTree = "<group>";
		};
		F74F2C8E1F0CD96D0002495F /* View */ = {
			isa = PBXGroup;
			children = (
				F74F2C8C1F0CD9670002495F /* TaskTableViewCell.swift */,
			);
			name = View;
			sourceTree = "<group>";
		};
		F74F2C8F1F0CD9740002495F /* Controller */ = {
			isa = PBXGroup;
			children = (
				F74F2C8A1F0CD9460002495F /* TaskTableViewController.swift */,
			);
			name = Controller;
			sourceTree = "<group>";
		};
		F74F2C901F0CDB450002495F /* Model */ = {
			isa = PBXGroup;
			children = (
				F74F2C911F0CDB760002495F /* TODO.swift */,
			);
			name = Model;
			sourceTree = "<group>";
		};
/* End PBXGroup section */

/* Begin PBXNativeTarget section */
		F74F2C581F0CD7740002495F /* Cau3 */ = {
			isa = PBXNativeTarget;
			buildConfigurationList = F74F2C811F0CD7740002495F /* Build configuration list for PBXNativeTarget "Cau3" */;
			buildPhases = (
				F74F2C551F0CD7740002495F /* Sources */,
				F74F2C561F0CD7740002495F /* Frameworks */,
				F74F2C571F0CD7740002495F /* Resources */,
			);
			buildRules = (
			);
			dependencies = (
			);
			name = Cau3;
			productName = Cau3;
			productReference = F74F2C591F0CD7740002495F /* Cau3.app */;
			productType = "com.apple.product-type.application";
		};
		F74F2C6C1F0CD7740002495F /* Cau3Tests */ = {
			isa = PBXNativeTarget;
			buildConfigurationList = F74F2C841F0CD7740002495F /* Build configuration list for PBXNativeTarget "Cau3Tests" */;
			buildPhases = (
				F74F2C691F0CD7740002495F /* Sources */,
				F74F2C6A1F0CD7740002495F /* Frameworks */,
				F74F2C6B1F0CD7740002495F /* Resources */,
			);
			buildRules = (
			);
			dependencies = (
				F74F2C6F1F0CD7740002495F /* PBXTargetDependency */,
			);
			name = Cau3Tests;
			productName = Cau3Tests;
			productReference = F74F2C6D1F0CD7740002495F /* Cau3Tests.xctest */;
			productType = "com.apple.product-type.bundle.unit-test";
		};
		F74F2C771F0CD7740002495F /* Cau3UITests */ = {
			isa = PBXNativeTarget;
			buildConfigurationList = F74F2C871F0CD7740002495F /* Build configuration list for PBXNativeTarget "Cau3UITests" */;
			buildPhases = (
				F74F2C741F0CD7740002495F /* Sources */,
				F74F2C751F0CD7740002495F /* Frameworks */,
				F74F2C761F0CD7740002495F /* Resources */,
			);
			buildRules = (
			);
			dependencies = (
				F74F2C7A1F0CD7740002495F /* PBXTargetDependency */,
			);
			name = Cau3UITests;
			productName = Cau3UITests;
			productReference = F74F2C781F0CD7740002495F /* Cau3UITests.xctest */;
			productType = "com.apple.product-type.bundle.ui-testing";
		};
/* End PBXNativeTarget section */

/* Begin PBXProject section */
		F74F2C511F0CD7740002495F /* Project object */ = {
			isa = PBXProject;
			attributes = {
				LastSwiftUpdateCheck = 0830;
				LastUpgradeCheck = 0830;
				ORGANIZATIONNAME = Cntt08;
				TargetAttributes = {
					F74F2C581F0CD7740002495F = {
						CreatedOnToolsVersion = 8.3;
						ProvisioningStyle = Automatic;
					};
					F74F2C6C1F0CD7740002495F = {
						CreatedOnToolsVersion = 8.3;
						ProvisioningStyle = Automatic;
						TestTargetID = F74F2C581F0CD7740002495F;
					};
					F74F2C771F0CD7740002495F = {
						CreatedOnToolsVersion = 8.3;
						ProvisioningStyle = Automatic;
						TestTargetID = F74F2C581F0CD7740002495F;
					};
				};
			};
			buildConfigurationList = F74F2C541F0CD7740002495F /* Build configuration list for PBXProject "Cau3" */;
			compatibilityVersion = "Xcode 3.2";
			developmentRegion = English;
			hasScannedForEncodings = 0;
			knownRegions = (
				en,
				Base,
			);
			mainGroup = F74F2C501F0CD7740002495F;
			productRefGroup = F74F2C5A1F0CD7740002495F /* Products */;
			projectDirPath = "";
			projectRoot = "";
			targets = (
				F74F2C581F0CD7740002495F /* Cau3 */,
				F74F2C6C1F0CD7740002495F /* Cau3Tests */,
				F74F2C771F0CD7740002495F /* Cau3UITests */,
			);
		};
/* End PBXProject section */

/* Begin PBXResourcesBuildPhase section */
		F74F2C571F0CD7740002495F /* Resources */ = {
			isa = PBXResourcesBuildPhase;
			buildActionMask = 2147483647;
			files = (
				F74F2C671F0CD7740002495F /* LaunchScreen.storyboard in Resources */,
				F74F2C641F0CD7740002495F /* Assets.xcassets in Resources */,
				F74F2C621F0CD7740002495F /* Main.storyboard in Resources */,
			);
			runOnlyForDeploymentPostprocessing = 0;
		};
		F74F2C6B1F0CD7740002495F /* Resources */ = {
			isa = PBXResourcesBuildPhase;
			buildActionMask = 2147483647;
			files = (
			);
			runOnlyForDeploymentPostprocessing = 0;
		};
		F74F2C761F0CD7740002495F /* Resources */ = {
			isa = PBXResourcesBuildPhase;
			buildActionMask = 2147483647;
			files = (
			);
			runOnlyForDeploymentPostprocessing = 0;
		};
/* End PBXResourcesBuildPhase section */

/* Begin PBXSourcesBuildPhase section */
		F74F2C551F0CD7740002495F /* Sources */ = {
			isa = PBXSourcesBuildPhase;
			buildActionMask = 2147483647;
			files = (
				F74F2C8B1F0CD9460002495F /* TaskTableViewController.swift in Sources */,
				F74F2C921F0CDB760002495F /* TODO.swift in Sources */,
				F74F2C5D1F0CD7740002495F /* AppDelegate.swift in Sources */,
				F74F2C8D1F0CD9670002495F /* TaskTableViewCell.swift in Sources */,
			);
			runOnlyForDeploymentPostprocessing = 0;
		};
		F74F2C691F0CD7740002495F /* Sources */ = {
			isa = PBXSourcesBuildPhase;
			buildActionMask = 2147483647;
			files = (
				F74F2C721F0CD7740002495F /* Cau3Tests.swift in Sources */,
			);
			runOnlyForDeploymentPostprocessing = 0;
		};
		F74F2C741F0CD7740002495F /* Sources */ = {
			isa = PBXSourcesBuildPhase;
			buildActionMask = 2147483647;
			files = (
				F74F2C7D1F0CD7740002495F /* Cau3UITests.swift in Sources */,
			);
			runOnlyForDeploymentPostprocessing = 0;
		};
/* End PBXSourcesBuildPhase section */

/* Begin PBXTargetDependency section */
		F74F2C6F1F0CD7740002495F /* PBXTargetDependency */ = {
			isa = PBXTargetDependency;
			target = F74F2C581F0CD7740002495F /* Cau3 */;
			targetProxy = F74F2C6E1F0CD7740002495F /* PBXContainerItemProxy */;
		};
		F74F2C7A1F0CD7740002495F /* PBXTargetDependency */ = {
			isa = PBXTargetDependency;
			target = F74F2C581F0CD7740002495F /* Cau3 */;
			targetProxy = F74F2C791F0CD7740002495F /* PBXContainerItemProxy */;
		};
/* End PBXTargetDependency section */

/* Begin PBXVariantGroup section */
		F74F2C601F0CD7740002495F /* Main.storyboard */ = {
			isa = PBXVariantGroup;
			children = (
				F74F2C611F0CD7740002495F /* Base */,
			);
			name = Main.storyboard;
			sourceTree = "<group>";
		};
		F74F2C651F0CD7740002495F /* LaunchScreen.storyboard */ = {
			isa = PBXVariantGroup;
			children = (
				F74F2C661F0CD7740002495F /* Base */,
			);
			name = LaunchScreen.storyboard;
			sourceTree = "<group>";
		};
/* End PBXVariantGroup section */

/* Begin XCBuildConfiguration section */
		F74F2C7F1F0CD7740002495F /* Debug */ = {
			isa = XCBuildConfiguration;
			buildSettings = {
				ALWAYS_SEARCH_USER_PATHS = NO;
				CLANG_ANALYZER_NONNULL = YES;
				CLANG_ANALYZER_NUMBER_OBJECT_CONVERSION = YES_AGGRESSIVE;
				CLANG_CXX_LANGUAGE_STANDARD = "gnu++0x";
				CLANG_CXX_LIBRARY = "libc++";
				CLANG_ENABLE_MODULES = YES;
				CLANG_ENABLE_OBJC_ARC = YES;
				CLANG_WARN_BOOL_CONVERSION = YES;
				CLANG_WARN_CONSTANT_CONVERSION = YES;
				CLANG_WARN_DIRECT_OBJC_ISA_USAGE = YES_ERROR;
				CLANG_WARN_DOCUMENTATION_COMMENTS = YES;
				CLANG_WARN_EMPTY_BODY = YES;
				CLANG_WARN_ENUM_CONVERSION = YES;
				CLANG_WARN_INFINITE_RECURSION = YES;
				CLANG_WARN_INT_CONVERSION = YES;
				CLANG_WARN_OBJC_ROOT_CLASS = YES_ERROR;
				CLANG_WARN_SUSPICIOUS_MOVE = YES;
				CLANG_WARN_UNREACHABLE_CODE = YES;
				CLANG_WARN__DUPLICATE_METHOD_MATCH = YES;
				"CODE_SIGN_IDENTITY[sdk=iphoneos*]" = "iPhone Developer";
				COPY_PHASE_STRIP = NO;
				DEBUG_INFORMATION_FORMAT = dwarf;
				ENABLE_STRICT_OBJC_MSGSEND = YES;
				ENABLE_TESTABILITY = YES;
				GCC_C_LANGUAGE_STANDARD = gnu99;
				GCC_DYNAMIC_NO_PIC = NO;
				GCC_NO_COMMON_BLOCKS = YES;
				GCC_OPTIMIZATION_LEVEL = 0;
				GCC_PREPROCESSOR_DEFINITIONS = (
					"DEBUG=1",
					"$(inherited)",
				);
				GCC_WARN_64_TO_32_BIT_CONVERSION = YES;
				GCC_WARN_ABOUT_RETURN_TYPE = YES_ERROR;
				GCC_WARN_UNDECLARED_SELECTOR = YES;
				GCC_WARN_UNINITIALIZED_AUTOS = YES_AGGRESSIVE;
				GCC_WARN_UNUSED_FUNCTION = YES;
				GCC_WARN_UNUSED_VARIABLE = YES;
				IPHONEOS_DEPLOYMENT_TARGET = 10.3;
				MTL_ENABLE_DEBUG_INFO = YES;
				ONLY_ACTIVE_ARCH = YES;
				SDKROOT = iphoneos;
				SWIFT_ACTIVE_COMPILATION_CONDITIONS = DEBUG;
				SWIFT_OPTIMIZATION_LEVEL = "-Onone";
			};
			name = Debug;
		};
		F74F2C801F0CD7740002495F /* Release */ = {
			isa = XCBuildConfiguration;
			buildSettings = {
				ALWAYS_SEARCH_USER_PATHS = NO;
				CLANG_ANALYZER_NONNULL = YES;
				CLANG_ANALYZER_NUMBER_OBJECT_CONVERSION = YES_AGGRESSIVE;
				CLANG_CXX_LANGUAGE_STANDARD = "gnu++0x";
				CLANG_CXX_LIBRARY = "libc++";
				CLANG_ENABLE_MODULES = YES;
				CLANG_ENABLE_OBJC_ARC = YES;
				CLANG_WARN_BOOL_CONVERSION = YES;
				CLANG_WARN_CONSTANT_CONVERSION = YES;
				CLANG_WARN_DIRECT_OBJC_ISA_USAGE = YES_ERROR;
				CLANG_WARN_DOCUMENTATION_COMMENTS = YES;
				CLANG_WARN_EMPTY_BODY = YES;
				CLANG_WARN_ENUM_CONVERSION = YES;
				CLANG_WARN_INFINITE_RECURSION = YES;
				CLANG_WARN_INT_CONVERSION = YES;
				CLANG_WARN_OBJC_ROOT_CLASS = YES_ERROR;
				CLANG_WARN_SUSPICIOUS_MOVE = YES;
				CLANG_WARN_UNREACHABLE_CODE = YES;
				CLANG_WARN__DUPLICATE_METHOD_MATCH = YES;
				"CODE_SIGN_IDENTITY[sdk=iphoneos*]" = "iPhone Developer";
				COPY_PHASE_STRIP = NO;
				DEBUG_INFORMATION_FORMAT = "dwarf-with-dsym";
				ENABLE_NS_ASSERTIONS = NO;
				ENABLE_STRICT_OBJC_MSGSEND = YES;
				GCC_C_LANGUAGE_STANDARD = gnu99;
				GCC_NO_COMMON_BLOCKS = YES;
				GCC_WARN_64_TO_32_BIT_CONVERSION = YES;
				GCC_WARN_ABOUT_RETURN_TYPE = YES_ERROR;
				GCC_WARN_UNDECLARED_SELECTOR = YES;
				GCC_WARN_UNINITIALIZED_AUTOS = YES_AGGRESSIVE;
				GCC_WARN_UNUSED_FUNCTION = YES;
				GCC_WARN_UNUSED_VARIABLE = YES;
				IPHONEOS_DEPLOYMENT_TARGET = 10.3;
				MTL_ENABLE_DEBUG_INFO = NO;
				SDKROOT = iphoneos;
				SWIFT_OPTIMIZATION_LEVEL = "-Owholemodule";
				VALIDATE_PRODUCT = YES;
			};
			name = Release;
		};
		F74F2C821F0CD7740002495F /* Debug */ = {
			isa = XCBuildConfiguration;
			buildSettings = {
				ASSETCATALOG_COMPILER_APPICON_NAME = AppIcon;
				INFOPLIST_FILE = Cau3/Info.plist;
				LD_RUNPATH_SEARCH_PATHS = "$(inherited) @executable_path/Frameworks";
				PRODUCT_BUNDLE_IDENTIFIER = com.healer.Cau3;
				PRODUCT_NAME = "$(TARGET_NAME)";
				SWIFT_VERSION = 3.0;
			};
			name = Debug;
		};
		F74F2C831F0CD7740002495F /* Release */ = {
			isa = XCBuildConfiguration;
			buildSettings = {
				ASSETCATALOG_COMPILER_APPICON_NAME = AppIcon;
				INFOPLIST_FILE = Cau3/Info.plist;
				LD_RUNPATH_SEARCH_PATHS = "$(inherited) @executable_path/Frameworks";
				PRODUCT_BUNDLE_IDENTIFIER = com.healer.Cau3;
				PRODUCT_NAME = "$(TARGET_NAME)";
				SWIFT_VERSION = 3.0;
			};
			name = Release;
		};
		F74F2C851F0CD7740002495F /* Debug */ = {
			isa = XCBuildConfiguration;
			buildSettings = {
				ALWAYS_EMBED_SWIFT_STANDARD_LIBRARIES = YES;
				BUNDLE_LOADER = "$(TEST_HOST)";
				INFOPLIST_FILE = Cau3Tests/Info.plist;
				LD_RUNPATH_SEARCH_PATHS = "$(inherited) @executable_path/Frameworks @loader_path/Frameworks";
				PRODUCT_BUNDLE_IDENTIFIER = com.healer.Cau3Tests;
				PRODUCT_NAME = "$(TARGET_NAME)";
				SWIFT_VERSION = 3.0;
				TEST_HOST = "$(BUILT_PRODUCTS_DIR)/Cau3.app/Cau3";
			};
			name = Debug;
		};
		F74F2C861F0CD7740002495F /* Release */ = {
			isa = XCBuildConfiguration;
			buildSettings = {
				ALWAYS_EMBED_SWIFT_STANDARD_LIBRARIES = YES;
				BUNDLE_LOADER = "$(TEST_HOST)";
				INFOPLIST_FILE = Cau3Tests/Info.plist;
				LD_RUNPATH_SEARCH_PATHS = "$(inherited) @executable_path/Frameworks @loader_path/Frameworks";
				PRODUCT_BUNDLE_IDENTIFIER = com.healer.Cau3Tests;
				PRODUCT_NAME = "$(TARGET_NAME)";
				SWIFT_VERSION = 3.0;
				TEST_HOST = "$(BUILT_PRODUCTS_DIR)/Cau3.app/Cau3";
			};
			name = Release;
		};
		F74F2C881F0CD7740002495F /* Debug */ = {
			isa = XCBuildConfiguration;
			buildSettings = {
				ALWAYS_EMBED_SWIFT_STANDARD_LIBRARIES = YES;
				INFOPLIST_FILE = Cau3UITests/Info.plist;
				LD_RUNPATH_SEARCH_PATHS = "$(inherited) @executable_path/Frameworks @loader_path/Frameworks";
				PRODUCT_BUNDLE_IDENTIFIER = com.healer.Cau3UITests;
				PRODUCT_NAME = "$(TARGET_NAME)";
				SWIFT_VERSION = 3.0;
				TEST_TARGET_NAME = Cau3;
			};
			name = Debug;
		};
		F74F2C891F0CD7740002495F /* Release */ = {
			isa = XCBuildConfiguration;
			buildSettings = {
				ALWAYS_EMBED_SWIFT_STANDARD_LIBRARIES = YES;
				INFOPLIST_FILE = Cau3UITests/Info.plist;
				LD_RUNPATH_SEARCH_PATHS = "$(inherited) @executable_path/Frameworks @loader_path/Frameworks";
				PRODUCT_BUNDLE_IDENTIFIER = com.healer.Cau3UITests;
				PRODUCT_NAME = "$(TARGET_NAME)";
				SWIFT_VERSION = 3.0;
				TEST_TARGET_NAME = Cau3;
			};
			name = Release;
		};
/* End XCBuildConfiguration section */

/* Begin XCConfigurationList section */
		F74F2C541F0CD7740002495F /* Build configuration list for PBXProject "Cau3" */ = {
			isa = XCConfigurationList;
			buildConfigurations = (
				F74F2C7F1F0CD7740002495F /* Debug */,
				F74F2C801F0CD7740002495F /* Release */,
			);
			defaultConfigurationIsVisible = 0;
			defaultConfigurationName = Release;
		};
		F74F2C811F0CD7740002495F /* Build configuration list for PBXNativeTarget "Cau3" */ = {
			isa = XCConfigurationList;
			buildConfigurations = (
				F74F2C821F0CD7740002495F /* Debug */,
				F74F2C831F0CD7740002495F /* Release */,
			);
			defaultConfigurationIsVisible = 0;
		};
		F74F2C841F0CD7740002495F /* Build configuration list for PBXNativeTarget "Cau3Tests" */ = {
			isa = XCConfigurationList;
			buildConfigurations = (
				F74F2C851F0CD7740002495F /* Debug */,
				F74F2C861F0CD7740002495F /* Release */,
			);
			defaultConfigurationIsVisible = 0;
		};
		F74F2C871F0CD7740002495F /* Build configuration list for PBXNativeTarget "Cau3UITests" */ = {
			isa = XCConfigurationList;
			buildConfigurations = (
				F74F2C881F0CD7740002495F /* Debug */,
				F74F2C891F0CD7740002495F /* Release */,
			);
			defaultConfigurationIsVisible = 0;
		};
/* End XCConfigurationList section */
	};
	rootObject = F74F2C511F0CD7740002495F /* Project object */;
}
